
Microsoft Visual Studio Solution File, Format Version 12.00
# Visual Studio Version 17
VisualStudioVersion = 17.0.31903.59
MinimumVisualStudioVersion = 10.0.40219.1
Project("{FAE04EC0-301F-11D3-BF4B-00C04F79EFBC}") = "NotificationApp.Domain", "NotificationApp.Domain\NotificationApp.Domain.csproj", "{4BC1EA4A-470D-4BB1-908B-0EE5ADD7FD83}"
EndProject
Project("{FAE04EC0-301F-11D3-BF4B-00C04F79EFBC}") = "NotificationApp.Application", "NotificationApp.Application\NotificationApp.Application.csproj", "{42466C72-DE03-441D-93EC-8B63F1EC1492}"
EndProject
Project("{FAE04EC0-301F-11D3-BF4B-00C04F79EFBC}") = "NotificationApp.Infrastructure", "NotificationApp.Infrastructure\NotificationApp.Infrastructure.csproj", "{CF2E8619-46A1-4A8C-909B-D6819992ECDA}"
EndProject
Project("{FAE04EC0-301F-11D3-BF4B-00C04F79EFBC}") = "NotificationApp.Api", "NotificationApp.Api\NotificationApp.Api.csproj", "{20E9C16A-6727-4068-B993-612C0A4420FC}"
EndProject
Global
	GlobalSection(SolutionConfigurationPlatforms) = preSolution
		Debug|Any CPU = Debug|Any CPU
		Debug|x64 = Debug|x64
		Debug|x86 = Debug|x86
		Release|Any CPU = Release|Any CPU
		Release|x64 = Release|x64
		Release|x86 = Release|x86
	EndGlobalSection
	GlobalSection(ProjectConfigurationPlatforms) = postSolution
		{4BC1EA4A-470D-4BB1-908B-0EE5ADD7FD83}.Debug|Any CPU.ActiveCfg = Debug|Any CPU
		{4BC1EA4A-470D-4BB1-908B-0EE5ADD7FD83}.Debug|Any CPU.Build.0 = Debug|Any CPU
		{4BC1EA4A-470D-4BB1-908B-0EE5ADD7FD83}.Debug|x64.ActiveCfg = Debug|Any CPU
		{4BC1EA4A-470D-4BB1-908B-0EE5ADD7FD83}.Debug|x64.Build.0 = Debug|Any CPU
		{4BC1EA4A-470D-4BB1-908B-0EE5ADD7FD83}.Debug|x86.ActiveCfg = Debug|Any CPU
		{4BC1EA4A-470D-4BB1-908B-0EE5ADD7FD83}.Debug|x86.Build.0 = Debug|Any CPU
		{4BC1EA4A-470D-4BB1-908B-0EE5ADD7FD83}.Release|Any CPU.ActiveCfg = Release|Any CPU
		{4BC1EA4A-470D-4BB1-908B-0EE5ADD7FD83}.Release|Any CPU.Build.0 = Release|Any CPU
		{4BC1EA4A-470D-4BB1-908B-0EE5ADD7FD83}.Release|x64.ActiveCfg = Release|Any CPU
		{4BC1EA4A-470D-4BB1-908B-0EE5ADD7FD83}.Release|x64.Build.0 = Release|Any CPU
		{4BC1EA4A-470D-4BB1-908B-0EE5ADD7FD83}.Release|x86.ActiveCfg = Release|Any CPU
		{4BC1EA4A-470D-4BB1-908B-0EE5ADD7FD83}.Release|x86.Build.0 = Release|Any CPU
		{42466C72-DE03-441D-93EC-8B63F1EC1492}.Debug|Any CPU.ActiveCfg = Debug|Any CPU
		{42466C72-DE03-441D-93EC-8B63F1EC1492}.Debug|Any CPU.Build.0 = Debug|Any CPU
		{42466C72-DE03-441D-93EC-8B63F1EC1492}.Debug|x64.ActiveCfg = Debug|Any CPU
		{42466C72-DE03-441D-93EC-8B63F1EC1492}.Debug|x64.Build.0 = Debug|Any CPU
		{42466C72-DE03-441D-93EC-8B63F1EC1492}.Debug|x86.ActiveCfg = Debug|Any CPU
		{42466C72-DE03-441D-93EC-8B63F1EC1492}.Debug|x86.Build.0 = Debug|Any CPU
		{42466C72-DE03-441D-93EC-8B63F1EC1492}.Release|Any CPU.ActiveCfg = Release|Any CPU
		{42466C72-DE03-441D-93EC-8B63F1EC1492}.Release|Any CPU.Build.0 = Release|Any CPU
		{42466C72-DE03-441D-93EC-8B63F1EC1492}.Release|x64.ActiveCfg = Release|Any CPU
		{42466C72-DE03-441D-93EC-8B63F1EC1492}.Release|x64.Build.0 = Release|Any CPU
		{42466C72-DE03-441D-93EC-8B63F1EC1492}.Release|x86.ActiveCfg = Release|Any CPU
		{42466C72-DE03-441D-93EC-8B63F1EC1492}.Release|x86.Build.0 = Release|Any CPU
		{CF2E8619-46A1-4A8C-909B-D6819992ECDA}.Debug|Any CPU.ActiveCfg = Debug|Any CPU
		{CF2E8619-46A1-4A8C-909B-D6819992ECDA}.Debug|Any CPU.Build.0 = Debug|Any CPU
		{CF2E8619-46A1-4A8C-909B-D6819992ECDA}.Debug|x64.ActiveCfg = Debug|Any CPU
		{CF2E8619-46A1-4A8C-909B-D6819992ECDA}.Debug|x64.Build.0 = Debug|Any CPU
		{CF2E8619-46A1-4A8C-909B-D6819992ECDA}.Debug|x86.ActiveCfg = Debug|Any CPU
		{CF2E8619-46A1-4A8C-909B-D6819992ECDA}.Debug|x86.Build.0 = Debug|Any CPU
		{CF2E8619-46A1-4A8C-909B-D6819992ECDA}.Release|Any CPU.ActiveCfg = Release|Any CPU
		{CF2E8619-46A1-4A8C-909B-D6819992ECDA}.Release|Any CPU.Build.0 = Release|Any CPU
		{CF2E8619-46A1-4A8C-909B-D6819992ECDA}.Release|x64.ActiveCfg = Release|Any CPU
		{CF2E8619-46A1-4A8C-909B-D6819992ECDA}.Release|x64.Build.0 = Release|Any CPU
		{CF2E8619-46A1-4A8C-909B-D6819992ECDA}.Release|x86.ActiveCfg = Release|Any CPU
		{CF2E8619-46A1-4A8C-909B-D6819992ECDA}.Release|x86.Build.0 = Release|Any CPU
		{20E9C16A-6727-4068-B993-612C0A4420FC}.Debug|Any CPU.ActiveCfg = Debug|Any CPU
		{20E9C16A-6727-4068-B993-612C0A4420FC}.Debug|Any CPU.Build.0 = Debug|Any CPU
		{20E9C16A-6727-4068-B993-612C0A4420FC}.Debug|x64.ActiveCfg = Debug|Any CPU
		{20E9C16A-6727-4068-B993-612C0A4420FC}.Debug|x64.Build.0 = Debug|Any CPU
		{20E9C16A-6727-4068-B993-612C0A4420FC}.Debug|x86.ActiveCfg = Debug|Any CPU
		{20E9C16A-6727-4068-B993-612C0A4420FC}.Debug|x86.Build.0 = Debug|Any CPU
		{20E9C16A-6727-4068-B993-612C0A4420FC}.Release|Any CPU.ActiveCfg = Release|Any CPU
		{20E9C16A-6727-4068-B993-612C0A4420FC}.Release|Any CPU.Build.0 = Release|Any CPU
		{20E9C16A-6727-4068-B993-612C0A4420FC}.Release|x64.ActiveCfg = Release|Any CPU
		{20E9C16A-6727-4068-B993-612C0A4420FC}.Release|x64.Build.0 = Release|Any CPU
		{20E9C16A-6727-4068-B993-612C0A4420FC}.Release|x86.ActiveCfg = Release|Any CPU
		{20E9C16A-6727-4068-B993-612C0A4420FC}.Release|x86.Build.0 = Release|Any CPU
	EndGlobalSection
	GlobalSection(SolutionProperties) = preSolution
		HideSolutionNode = FALSE
	EndGlobalSection
EndGlobal
